github.com/tusklang/oat v0.0.0-20201006015704-3bdccff6eb9a h1:y+DffpFtfsqB8bRqfNFwMSlBYylH+iKN9L6ZWGvWlwo=
github.com/tusklang/oat v0.0.0-20201006015704-3bdccff6eb9a/go.mod h1:B3tDe4hUsaFzunvtYdtopckBww5BgGlFI30WBtsIPw4=
github.com/tusklang/tools v0.0.0-20201005170534-2339ee6039b1 h1:sKw78Exi8nKC08O1f5/XEAfbJY4GG25UsO4nzOyS7Ok=
github.com/tusklang/tools v0.0.0-20201005170534-2339ee6039b1/go.mod h1:9NaU7jfh0STNXvU1sdqCKrWAwjSZ+3XqB35z0717dq4=
