github.com/tusklang/goat v0.0.0-20200917225619-80ad5d6747c8/go.mod h1:KzuhOjQUFevQ3iw0Vxp961gWvO94btmdhpC9KclDrHs=
github.com/tusklang/kore v0.0.0-20200917225620-ef0b24977273 h1:3GnP7R9hWc/OzqfgU8vK2doEWNZ3oy5Ow9XXeIa5SGo=
github.com/tusklang/kore v0.0.0-20200917225620-ef0b24977273/go.mod h1:0izJiqXVZ7mhDjIX3t3l4YET3wd2CJsRV/zB61y3XXs=
github.com/tusklang/kore v0.0.0-20200918191818-5a4df7c701c2 h1:q9VvSdnwOxi+gQKegrAu+wtlwMeYecZ0ITpGmtErXjk=
github.com/tusklang/kore v0.0.0-20200918191818-5a4df7c701c2/go.mod h1:cs9QPo5TdDHKUoj2qKbzcT2ZjkPPyLPVQjY3wHqPcF0=
github.com/tusklang/oat v0.0.0-20200917225620-25534b9a2ae2 h1:LPm1zKRimu21ZU14rOaTbbJcZ3+oNKBECTr8k8OadPM=
github.com/tusklang/oat v0.0.0-20200917225620-25534b9a2ae2/go.mod h1:B3tDe4hUsaFzunvtYdtopckBww5BgGlFI30WBtsIPw4=
github.com/tusklang/oat v0.0.0-20200918191820-dd64e4721a74 h1:NB7aspVdne/yNL9yZFcgyhkoMI0GEb3uo6L4wvFwGhY=
github.com/tusklang/oat v0.0.0-20200918191820-dd64e4721a74/go.mod h1:B3tDe4hUsaFzunvtYdtopckBww5BgGlFI30WBtsIPw4=
github.com/tusklang/tusk v0.0.0-20200917225621-b82879583b1c/go.mod h1:3CInXUvPvb1SMi7E6KBNWW6f0I8+VjouNVaLIgVTxcg=
github.com/tusklang/undra v0.0.0-20200917225619-ebe5218b6e8b/go.mod h1:J5aofZ7xiy+rlxsOLFb3Ai8LFk5GN3bcUalw1jST2JA=
