github.com/tusklang/kore v0.0.0-20200917225620-ef0b24977273 h1:3GnP7R9hWc/OzqfgU8vK2doEWNZ3oy5Ow9XXeIa5SGo=
github.com/tusklang/kore v0.0.0-20200917225620-ef0b24977273/go.mod h1:0izJiqXVZ7mhDjIX3t3l4YET3wd2CJsRV/zB61y3XXs=
github.com/tusklang/oat v0.0.0-20200917225620-25534b9a2ae2 h1:LPm1zKRimu21ZU14rOaTbbJcZ3+oNKBECTr8k8OadPM=
github.com/tusklang/oat v0.0.0-20200917225620-25534b9a2ae2/go.mod h1:B3tDe4hUsaFzunvtYdtopckBww5BgGlFI30WBtsIPw4=
